
Microsoft Visual Studio Solution File, Format Version 12.00
# Visual Studio Version 16
VisualStudioVersion = 16.0.31424.327
MinimumVisualStudioVersion = 10.0.40219.1
Project("{FAE04EC0-301F-11D3-BF4B-00C04F79EFBC}") = "BankApplication", "BankApplication\BankApplication.csproj", "{BA222760-9E39-4897-954C-981B75E59C4D}"
EndProject
Global
	GlobalSection(SolutionConfigurationPlatforms) = preSolution
		Debug|Any CPU = Debug|Any CPU
		Release|Any CPU = Release|Any CPU
	EndGlobalSection
	GlobalSection(ProjectConfigurationPlatforms) = postSolution
		{BA222760-9E39-4897-954C-981B75E59C4D}.Debug|Any CPU.ActiveCfg = Debug|Any CPU
		{BA222760-9E39-4897-954C-981B75E59C4D}.Debug|Any CPU.Build.0 = Debug|Any CPU
		{BA222760-9E39-4897-954C-981B75E59C4D}.Release|Any CPU.ActiveCfg = Release|Any CPU
		{BA222760-9E39-4897-954C-981B75E59C4D}.Release|Any CPU.Build.0 = Release|Any CPU
	EndGlobalSection
	GlobalSection(SolutionProperties) = preSolution
		HideSolutionNode = FALSE
	EndGlobalSection
	GlobalSection(ExtensibilityGlobals) = postSolution
		SolutionGuid = {9A06488B-A346-43B0-A90A-D8DD12B1664A}
	EndGlobalSection
EndGlobal
